
Microsoft Visual Studio Solution File, Format Version 12.00
# Visual Studio Version 17
VisualStudioVersion = 17.11.35208.52
MinimumVisualStudioVersion = 10.0.40219.1
Project("{FAE04EC0-301F-11D3-BF4B-00C04F79EFBC}") = "Prueba2", "Prueba2\Prueba2.csproj", "{185233A9-0B20-4D02-9027-AFC8C0A78229}"
EndProject
Global
	GlobalSection(SolutionConfigurationPlatforms) = preSolution
		Debug|Any CPU = Debug|Any CPU
		Release|Any CPU = Release|Any CPU
	EndGlobalSection
	GlobalSection(ProjectConfigurationPlatforms) = postSolution
		{185233A9-0B20-4D02-9027-AFC8C0A78229}.Debug|Any CPU.ActiveCfg = Debug|Any CPU
		{185233A9-0B20-4D02-9027-AFC8C0A78229}.Debug|Any CPU.Build.0 = Debug|Any CPU
		{185233A9-0B20-4D02-9027-AFC8C0A78229}.Release|Any CPU.ActiveCfg = Release|Any CPU
		{185233A9-0B20-4D02-9027-AFC8C0A78229}.Release|Any CPU.Build.0 = Release|Any CPU
	EndGlobalSection
	GlobalSection(SolutionProperties) = preSolution
		HideSolutionNode = FALSE
	EndGlobalSection
	GlobalSection(ExtensibilityGlobals) = postSolution
		SolutionGuid = {FB626DB7-A241-4298-9125-B732C2539856}
	EndGlobalSection
EndGlobal
